{
  "name": "GangstaKitty",
  "version": "1.0.0",
  "lockfileVersion": 1,
  "requires": true,
  "dependencies": {
    "@types/node": {
      "version": "16.4.13",
      "resolved": "https://registry.npmjs.org/@types/node/-/node-16.4.13.tgz",
      "integrity": "sha512-bLL69sKtd25w7p1nvg9pigE4gtKVpGTPojBFLMkGHXuUgap2sLqQt2qUnqmVCDfzGUL0DRNZP+1prIZJbMeAXg=="
    },
    "@types/node-fetch": {
      "version": "2.5.12",
      "resolved": "https://registry.npmjs.org/@types/node-fetch/-/node-fetch-2.5.12.tgz",
      "integrity": "sha512-MKgC4dlq4kKNa/mYrwpKfzQMB5X3ee5U6fSprkKpToBqBmX4nFZL9cW5jl6sWn+xpRJ7ypWh2yyqqr8UUCstSw==",
      "requires": {
        "@types/node": "*",
        "form-data": "^3.0.0"
      }
    },
    "asynckit": {
      "version": "0.4.0",
      "resolved": "https://registry.npmjs.org/asynckit/-/asynckit-0.4.0.tgz",
      "integrity": "sha1-x57Zf380y48robyXkLzDZkdLS3k="
    },
    "combined-stream": {
      "version": "1.0.8",
      "resolved": "https://registry.npmjs.org/combined-stream/-/combined-stream-1.0.8.tgz",
      "integrity": "sha512-FQN4MRfuJeHf7cBbBMJFXhKSDq+2kAArBlmRBvcvFE5BB1HZKXtSFASDhdlz9zOYwxh8lDdnvmMOe/+5cdoEdg==",
      "requires": {
        "delayed-stream": "~1.0.0"
      }
    },
    "delayed-stream": {
      "version": "1.0.0",
      "resolved": "https://registry.npmjs.org/delayed-stream/-/delayed-stream-1.0.0.tgz",
      "integrity": "sha1-3zrhmayt+31ECqrgsp4icrJOxhk="
    },
    "detritus-client": {
      "version": "0.16.3",
      "resolved": "https://registry.npmjs.org/detritus-client/-/detritus-client-0.16.3.tgz",
      "integrity": "sha512-+hwMunnPEvJOazhTFS6BJd25nv3sreLagDhlclPDzwkdwkK++svyiKCnZcEHnhmlSNTjzYcdHL9X7G2d7dOxaA==",
      "requires": {
        "@types/node": "^14.17.2",
        "@types/node-fetch": "^2.5.10",
        "detritus-client-rest": "^0.10.5-beta.1",
        "detritus-client-socket": "^0.8.3-beta.0",
        "detritus-utils": "^0.4.0"
      },
      "dependencies": {
        "@types/node": {
          "version": "14.17.21",
          "resolved": "https://registry.npmjs.org/@types/node/-/node-14.17.21.tgz",
          "integrity": "sha512-zv8ukKci1mrILYiQOwGSV4FpkZhyxQtuFWGya2GujWg+zVAeRQ4qbaMmWp9vb9889CFA8JECH7lkwCL6Ygg8kA=="
        }
      }
    },
    "detritus-client-rest": {
      "version": "0.10.5",
      "resolved": "https://registry.npmjs.org/detritus-client-rest/-/detritus-client-rest-0.10.5.tgz",
      "integrity": "sha512-N5Bx2/Cru6OxwEqACtm4QghAQb/USa7a4OrrxGYQtgJch7/Rey739FdDBUWJexxfRUGG07IZSZmfiaiI5Tidjw==",
      "requires": {
        "detritus-rest": "^0.7.0",
        "detritus-utils": "^0.4.0"
      }
    },
    "detritus-client-socket": {
      "version": "0.8.3",
      "resolved": "https://registry.npmjs.org/detritus-client-socket/-/detritus-client-socket-0.8.3.tgz",
      "integrity": "sha512-gMMD5Xo14A69wGxmpAwdQsh5TFaxpjq7LRC6cTWAvs+p34dSiKrU7sBnS+8IsnQt8uvjradhAxKqGkJK2xo6Jg==",
      "requires": {
        "@types/node": "^14.17.1",
        "detritus-utils": "^0.4.0",
        "ws": "^7.4.6"
      },
      "dependencies": {
        "@types/node": {
          "version": "14.17.21",
          "resolved": "https://registry.npmjs.org/@types/node/-/node-14.17.21.tgz",
          "integrity": "sha512-zv8ukKci1mrILYiQOwGSV4FpkZhyxQtuFWGya2GujWg+zVAeRQ4qbaMmWp9vb9889CFA8JECH7lkwCL6Ygg8kA=="
        }
      }
    },
    "detritus-rest": {
      "version": "0.7.0",
      "resolved": "https://registry.npmjs.org/detritus-rest/-/detritus-rest-0.7.0.tgz",
      "integrity": "sha512-T5FNXpyv5F69ZXEz6z8mWo5yiz7Mhrg+HQsZumih/uDeqf3+1AvZgNI4XLscG1D56F0o5DSyXkoOxDgd2oeTgA==",
      "requires": {
        "form-data": "^3.0.0",
        "node-fetch": "^2.6.1"
      }
    },
    "detritus-utils": {
      "version": "0.4.0",
      "resolved": "https://registry.npmjs.org/detritus-utils/-/detritus-utils-0.4.0.tgz",
      "integrity": "sha512-XO9crk1eCOecajzOg4WMsvcgXV/3GAltV0nt+kXXmglwcKyh/5DpQ7jmQ/2HycEN0dGBdgLCLPzYMxrWPN9gpw=="
    },
    "dotenv": {
      "version": "10.0.0",
      "resolved": "https://registry.npmjs.org/dotenv/-/dotenv-10.0.0.tgz",
      "integrity": "sha512-rlBi9d8jpv9Sf1klPjNfFAuWDjKLwTIJJ/VxtoTwIR6hnZxcEOQCZg2oIL3MWBYw5GpUDKOEnND7LXTbIpQ03Q==",
      "dev": true
    },
    "form-data": {
      "version": "3.0.1",
      "resolved": "https://registry.npmjs.org/form-data/-/form-data-3.0.1.tgz",
      "integrity": "sha512-RHkBKtLWUVwd7SqRIvCZMEvAMoGUp0XU+seQiZejj0COz3RI3hWP4sCv3gZWWLjJTd7rGwcsF5eKZGii0r/hbg==",
      "requires": {
        "asynckit": "^0.4.0",
        "combined-stream": "^1.0.8",
        "mime-types": "^2.1.12"
      }
    },
    "mime-db": {
      "version": "1.49.0",
      "resolved": "https://registry.npmjs.org/mime-db/-/mime-db-1.49.0.tgz",
      "integrity": "sha512-CIc8j9URtOVApSFCQIF+VBkX1RwXp/oMMOrqdyXSBXq5RWNEsRfyj1kiRnQgmNXmHxPoFIxOroKA3zcU9P+nAA=="
    },
    "mime-types": {
      "version": "2.1.32",
      "resolved": "https://registry.npmjs.org/mime-types/-/mime-types-2.1.32.tgz",
      "integrity": "sha512-hJGaVS4G4c9TSMYh2n6SQAGrC4RnfU+daP8G7cSCmaqNjiOoUY0VHCMS42pxnQmVF1GWwFhbHWn3RIxCqTmZ9A==",
      "requires": {
        "mime-db": "1.49.0"
      }
    },
    "node-fetch": {
      "version": "2.6.1",
      "resolved": "https://registry.npmjs.org/node-fetch/-/node-fetch-2.6.1.tgz",
      "integrity": "sha512-V4aYg89jEoVRxRb2fJdAg8FHvI7cEyYdVAh94HH0UIK8oJxUfkjlDQN9RbMx+bEjP7+ggMiFRprSti032Oipxw=="
    },
    "pariah": {
      "version": "1.1.0",
      "resolved": "https://registry.npmjs.org/pariah/-/pariah-1.1.0.tgz",
      "integrity": "sha512-H7yaa4/FBqH/S9xaUew4G7tDxt7RxlGjFZFeqNuW/cqgpk3G1ZB3iSTRyp9dy85D/oNoGWUy0ylZ5hDarq8UVQ==",
      "dev": true
    },
    "ws": {
      "version": "7.5.3",
      "resolved": "https://registry.npmjs.org/ws/-/ws-7.5.3.tgz",
      "integrity": "sha512-kQ/dHIzuLrS6Je9+uv81ueZomEwH0qVYstcAQ4/Z93K8zeko9gtAbttJWzoC5ukqXY1PpoouV3+VSOqEAFt5wg=="
    }
  }
}
